
Microsoft Visual Studio Solution File, Format Version 12.00
# Visual Studio Version 16
VisualStudioVersion = 16.0.30621.155
MinimumVisualStudioVersion = 10.0.40219.1
Project("{8BC9CEB8-8B4A-11D0-8D11-00A0C91BC942}") = "Example - debugger", "Example - debugger\Example - debugger.vcxproj", "{153DD723-E146-421C-B352-A9085752CF85}"
EndProject
Project("{8BC9CEB8-8B4A-11D0-8D11-00A0C91BC942}") = "example2 - Rec", "example2 - Rec\example2 - Rec.vcxproj", "{491AA73B-59C8-40DD-86D4-80D6A3052FE5}"
EndProject
Global
	GlobalSection(SolutionConfigurationPlatforms) = preSolution
		Debug|x64 = Debug|x64
		Debug|x86 = Debug|x86
		Release|x64 = Release|x64
		Release|x86 = Release|x86
	EndGlobalSection
	GlobalSection(ProjectConfigurationPlatforms) = postSolution
		{153DD723-E146-421C-B352-A9085752CF85}.Debug|x64.ActiveCfg = Debug|x64
		{153DD723-E146-421C-B352-A9085752CF85}.Debug|x64.Build.0 = Debug|x64
		{153DD723-E146-421C-B352-A9085752CF85}.Debug|x86.ActiveCfg = Debug|Win32
		{153DD723-E146-421C-B352-A9085752CF85}.Debug|x86.Build.0 = Debug|Win32
		{153DD723-E146-421C-B352-A9085752CF85}.Release|x64.ActiveCfg = Release|x64
		{153DD723-E146-421C-B352-A9085752CF85}.Release|x64.Build.0 = Release|x64
		{153DD723-E146-421C-B352-A9085752CF85}.Release|x86.ActiveCfg = Release|Win32
		{153DD723-E146-421C-B352-A9085752CF85}.Release|x86.Build.0 = Release|Win32
		{491AA73B-59C8-40DD-86D4-80D6A3052FE5}.Debug|x64.ActiveCfg = Debug|x64
		{491AA73B-59C8-40DD-86D4-80D6A3052FE5}.Debug|x64.Build.0 = Debug|x64
		{491AA73B-59C8-40DD-86D4-80D6A3052FE5}.Debug|x86.ActiveCfg = Debug|Win32
		{491AA73B-59C8-40DD-86D4-80D6A3052FE5}.Debug|x86.Build.0 = Debug|Win32
		{491AA73B-59C8-40DD-86D4-80D6A3052FE5}.Release|x64.ActiveCfg = Release|x64
		{491AA73B-59C8-40DD-86D4-80D6A3052FE5}.Release|x64.Build.0 = Release|x64
		{491AA73B-59C8-40DD-86D4-80D6A3052FE5}.Release|x86.ActiveCfg = Release|Win32
		{491AA73B-59C8-40DD-86D4-80D6A3052FE5}.Release|x86.Build.0 = Release|Win32
	EndGlobalSection
	GlobalSection(SolutionProperties) = preSolution
		HideSolutionNode = FALSE
	EndGlobalSection
	GlobalSection(ExtensibilityGlobals) = postSolution
		SolutionGuid = {1A7A95D0-A60B-40F1-9EF2-292203214C12}
	EndGlobalSection
EndGlobal
